
Microsoft Visual Studio Solution File, Format Version 12.00
# Visual Studio Version 17
VisualStudioVersion = 17.7.34009.444
MinimumVisualStudioVersion = 10.0.40219.1
Project("{FAE04EC0-301F-11D3-BF4B-00C04F79EFBC}") = "clinica", "clinica.csproj", "{027B0502-B9EA-4803-BA13-2C136F3EF62E}"
EndProject
Project("{FAE04EC0-301F-11D3-BF4B-00C04F79EFBC}") = "Consulta", "..\Consulta\Consulta.csproj", "{46EF8E6C-48F4-48C8-AFA9-528E10CA41BA}"
EndProject
Project("{FAE04EC0-301F-11D3-BF4B-00C04F79EFBC}") = "Pessoa", "..\Pessoa\Pessoa.csproj", "{AE5CF766-9915-43AA-BFD2-F177A0487DDD}"
EndProject
Global
	GlobalSection(SolutionConfigurationPlatforms) = preSolution
		Debug|Any CPU = Debug|Any CPU
		Release|Any CPU = Release|Any CPU
	EndGlobalSection
	GlobalSection(ProjectConfigurationPlatforms) = postSolution
		{027B0502-B9EA-4803-BA13-2C136F3EF62E}.Debug|Any CPU.ActiveCfg = Debug|Any CPU
		{027B0502-B9EA-4803-BA13-2C136F3EF62E}.Debug|Any CPU.Build.0 = Debug|Any CPU
		{027B0502-B9EA-4803-BA13-2C136F3EF62E}.Release|Any CPU.ActiveCfg = Release|Any CPU
		{027B0502-B9EA-4803-BA13-2C136F3EF62E}.Release|Any CPU.Build.0 = Release|Any CPU
		{46EF8E6C-48F4-48C8-AFA9-528E10CA41BA}.Debug|Any CPU.ActiveCfg = Debug|Any CPU
		{46EF8E6C-48F4-48C8-AFA9-528E10CA41BA}.Debug|Any CPU.Build.0 = Debug|Any CPU
		{46EF8E6C-48F4-48C8-AFA9-528E10CA41BA}.Release|Any CPU.ActiveCfg = Release|Any CPU
		{46EF8E6C-48F4-48C8-AFA9-528E10CA41BA}.Release|Any CPU.Build.0 = Release|Any CPU
		{AE5CF766-9915-43AA-BFD2-F177A0487DDD}.Debug|Any CPU.ActiveCfg = Debug|Any CPU
		{AE5CF766-9915-43AA-BFD2-F177A0487DDD}.Debug|Any CPU.Build.0 = Debug|Any CPU
		{AE5CF766-9915-43AA-BFD2-F177A0487DDD}.Release|Any CPU.ActiveCfg = Release|Any CPU
		{AE5CF766-9915-43AA-BFD2-F177A0487DDD}.Release|Any CPU.Build.0 = Release|Any CPU
	EndGlobalSection
	GlobalSection(SolutionProperties) = preSolution
		HideSolutionNode = FALSE
	EndGlobalSection
	GlobalSection(ExtensibilityGlobals) = postSolution
		SolutionGuid = {837B41FD-ADDE-4FDF-8608-4D9533A8533A}
	EndGlobalSection
EndGlobal
