
Microsoft Visual Studio Solution File, Format Version 12.00
# Visual Studio Version 17
VisualStudioVersion = 17.8.34330.188
MinimumVisualStudioVersion = 10.0.40219.1
Project("{FAE04EC0-301F-11D3-BF4B-00C04F79EFBC}") = "ClinicaDentaria", "ClinicaDentaria\ClinicaDentaria.csproj", "{61E2A79D-C031-49B2-9DC7-E370AFEFF237}"
EndProject
Project("{FAE04EC0-301F-11D3-BF4B-00C04F79EFBC}") = "Dados", "Dados\Dados.csproj", "{5866CCCD-5224-48B4-B1C8-FE686D483494}"
EndProject
Project("{FAE04EC0-301F-11D3-BF4B-00C04F79EFBC}") = "ObjetosNegocio", "ObjetosNegocio\ObjetosNegocio.csproj", "{C79CCC0F-A18C-4C7D-86AE-FD81580A4DBD}"
EndProject
Project("{FAE04EC0-301F-11D3-BF4B-00C04F79EFBC}") = "RegrasNegocio", "RegrasNegocio\RegrasNegocio.csproj", "{31C3FBCF-A38C-4375-8747-F139CCF3B704}"
EndProject
Project("{FAE04EC0-301F-11D3-BF4B-00C04F79EFBC}") = "Validacoes", "Validacoes\Validacoes.csproj", "{6AE6BA6E-64EB-4139-AAC1-60AEFEA1B573}"
EndProject
Global
	GlobalSection(SolutionConfigurationPlatforms) = preSolution
		Debug|Any CPU = Debug|Any CPU
		Release|Any CPU = Release|Any CPU
	EndGlobalSection
	GlobalSection(ProjectConfigurationPlatforms) = postSolution
		{61E2A79D-C031-49B2-9DC7-E370AFEFF237}.Debug|Any CPU.ActiveCfg = Debug|Any CPU
		{61E2A79D-C031-49B2-9DC7-E370AFEFF237}.Debug|Any CPU.Build.0 = Debug|Any CPU
		{61E2A79D-C031-49B2-9DC7-E370AFEFF237}.Release|Any CPU.ActiveCfg = Release|Any CPU
		{61E2A79D-C031-49B2-9DC7-E370AFEFF237}.Release|Any CPU.Build.0 = Release|Any CPU
		{5866CCCD-5224-48B4-B1C8-FE686D483494}.Debug|Any CPU.ActiveCfg = Debug|Any CPU
		{5866CCCD-5224-48B4-B1C8-FE686D483494}.Debug|Any CPU.Build.0 = Debug|Any CPU
		{5866CCCD-5224-48B4-B1C8-FE686D483494}.Release|Any CPU.ActiveCfg = Release|Any CPU
		{5866CCCD-5224-48B4-B1C8-FE686D483494}.Release|Any CPU.Build.0 = Release|Any CPU
		{C79CCC0F-A18C-4C7D-86AE-FD81580A4DBD}.Debug|Any CPU.ActiveCfg = Debug|Any CPU
		{C79CCC0F-A18C-4C7D-86AE-FD81580A4DBD}.Debug|Any CPU.Build.0 = Debug|Any CPU
		{C79CCC0F-A18C-4C7D-86AE-FD81580A4DBD}.Release|Any CPU.ActiveCfg = Release|Any CPU
		{C79CCC0F-A18C-4C7D-86AE-FD81580A4DBD}.Release|Any CPU.Build.0 = Release|Any CPU
		{31C3FBCF-A38C-4375-8747-F139CCF3B704}.Debug|Any CPU.ActiveCfg = Debug|Any CPU
		{31C3FBCF-A38C-4375-8747-F139CCF3B704}.Debug|Any CPU.Build.0 = Debug|Any CPU
		{31C3FBCF-A38C-4375-8747-F139CCF3B704}.Release|Any CPU.ActiveCfg = Release|Any CPU
		{31C3FBCF-A38C-4375-8747-F139CCF3B704}.Release|Any CPU.Build.0 = Release|Any CPU
		{6AE6BA6E-64EB-4139-AAC1-60AEFEA1B573}.Debug|Any CPU.ActiveCfg = Debug|Any CPU
		{6AE6BA6E-64EB-4139-AAC1-60AEFEA1B573}.Debug|Any CPU.Build.0 = Debug|Any CPU
		{6AE6BA6E-64EB-4139-AAC1-60AEFEA1B573}.Release|Any CPU.ActiveCfg = Release|Any CPU
		{6AE6BA6E-64EB-4139-AAC1-60AEFEA1B573}.Release|Any CPU.Build.0 = Release|Any CPU
	EndGlobalSection
	GlobalSection(SolutionProperties) = preSolution
		HideSolutionNode = FALSE
	EndGlobalSection
	GlobalSection(ExtensibilityGlobals) = postSolution
		SolutionGuid = {68483247-8F71-48E4-8803-0DF6649D5EDB}
	EndGlobalSection
EndGlobal
