
Microsoft Visual Studio Solution File, Format Version 12.00
# Visual Studio Version 17
VisualStudioVersion = 17.8.34330.188
MinimumVisualStudioVersion = 10.0.40219.1
Project("{FAE04EC0-301F-11D3-BF4B-00C04F79EFBC}") = "ClinicaDentaria", "ClinicaDentaria\ClinicaDentaria.csproj", "{C838D80D-703F-4BFE-9191-02DE0E5FC83E}"
EndProject
Project("{FAE04EC0-301F-11D3-BF4B-00C04F79EFBC}") = "Dados", "Dados\Dados.csproj", "{31E6743A-FF92-48B9-87CA-613E87243BD2}"
EndProject
Project("{FAE04EC0-301F-11D3-BF4B-00C04F79EFBC}") = "ObjetosNegocio", "ObjetosNegocio\ObjetosNegocio.csproj", "{955270FC-0963-45B2-8B70-C8075978CCE9}"
EndProject
Project("{FAE04EC0-301F-11D3-BF4B-00C04F79EFBC}") = "RegrasNegocio", "RegrasNegocio\RegrasNegocio.csproj", "{0750067C-8FEA-4A36-B052-5DB76BEF69E3}"
EndProject
Project("{FAE04EC0-301F-11D3-BF4B-00C04F79EFBC}") = "testes", "testes\testes.csproj", "{347AD21B-0EE5-4819-979A-E1FC24025470}"
EndProject
Global
	GlobalSection(SolutionConfigurationPlatforms) = preSolution
		Debug|Any CPU = Debug|Any CPU
		Release|Any CPU = Release|Any CPU
	EndGlobalSection
	GlobalSection(ProjectConfigurationPlatforms) = postSolution
		{C838D80D-703F-4BFE-9191-02DE0E5FC83E}.Debug|Any CPU.ActiveCfg = Debug|Any CPU
		{C838D80D-703F-4BFE-9191-02DE0E5FC83E}.Debug|Any CPU.Build.0 = Debug|Any CPU
		{C838D80D-703F-4BFE-9191-02DE0E5FC83E}.Release|Any CPU.ActiveCfg = Release|Any CPU
		{C838D80D-703F-4BFE-9191-02DE0E5FC83E}.Release|Any CPU.Build.0 = Release|Any CPU
		{31E6743A-FF92-48B9-87CA-613E87243BD2}.Debug|Any CPU.ActiveCfg = Debug|Any CPU
		{31E6743A-FF92-48B9-87CA-613E87243BD2}.Debug|Any CPU.Build.0 = Debug|Any CPU
		{31E6743A-FF92-48B9-87CA-613E87243BD2}.Release|Any CPU.ActiveCfg = Release|Any CPU
		{31E6743A-FF92-48B9-87CA-613E87243BD2}.Release|Any CPU.Build.0 = Release|Any CPU
		{955270FC-0963-45B2-8B70-C8075978CCE9}.Debug|Any CPU.ActiveCfg = Debug|Any CPU
		{955270FC-0963-45B2-8B70-C8075978CCE9}.Debug|Any CPU.Build.0 = Debug|Any CPU
		{955270FC-0963-45B2-8B70-C8075978CCE9}.Release|Any CPU.ActiveCfg = Release|Any CPU
		{955270FC-0963-45B2-8B70-C8075978CCE9}.Release|Any CPU.Build.0 = Release|Any CPU
		{0750067C-8FEA-4A36-B052-5DB76BEF69E3}.Debug|Any CPU.ActiveCfg = Debug|Any CPU
		{0750067C-8FEA-4A36-B052-5DB76BEF69E3}.Debug|Any CPU.Build.0 = Debug|Any CPU
		{0750067C-8FEA-4A36-B052-5DB76BEF69E3}.Release|Any CPU.ActiveCfg = Release|Any CPU
		{0750067C-8FEA-4A36-B052-5DB76BEF69E3}.Release|Any CPU.Build.0 = Release|Any CPU
		{347AD21B-0EE5-4819-979A-E1FC24025470}.Debug|Any CPU.ActiveCfg = Debug|Any CPU
		{347AD21B-0EE5-4819-979A-E1FC24025470}.Debug|Any CPU.Build.0 = Debug|Any CPU
		{347AD21B-0EE5-4819-979A-E1FC24025470}.Release|Any CPU.ActiveCfg = Release|Any CPU
		{347AD21B-0EE5-4819-979A-E1FC24025470}.Release|Any CPU.Build.0 = Release|Any CPU
	EndGlobalSection
	GlobalSection(SolutionProperties) = preSolution
		HideSolutionNode = FALSE
	EndGlobalSection
	GlobalSection(ExtensibilityGlobals) = postSolution
		SolutionGuid = {748C872F-C072-4EFB-8291-7C5149F32BFF}
	EndGlobalSection
EndGlobal
